
Microsoft Visual Studio Solution File, Format Version 12.00
# Visual Studio Version 17
VisualStudioVersion = 17.14.36401.2
MinimumVisualStudioVersion = 10.0.40219.1
Project("{FAE04EC0-301F-11D3-BF4B-00C04F79EFBC}") = "UniJG.Api", "UniJG-Backend\UniJG.Api.csproj", "{80DC373E-9088-4F75-BF9B-9166239078F4}"
EndProject
Project("{2150E333-8FDC-42A3-9474-1A3956D46DE8}") = "deploy", "deploy", "{02EA681E-C7D8-13C7-8484-4AC65E1B71E8}"
	ProjectSection(SolutionItems) = preProject
		.dockerignore = .dockerignore
		UniJG-Backend\Dockerfile = UniJG-Backend\Dockerfile
	EndProjectSection
EndProject
Project("{2150E333-8FDC-42A3-9474-1A3956D46DE8}") = "src", "src", "{847316DE-5150-46D2-BF18-B9240591FA03}"
EndProject
Project("{2150E333-8FDC-42A3-9474-1A3956D46DE8}") = "test", "test", "{CFDD9876-5EA2-4FB1-BAC6-7777438996AA}"
EndProject
Project("{2150E333-8FDC-42A3-9474-1A3956D46DE8}") = "dev", "dev", "{8B4ADC27-D7A5-42F3-BC92-C8E133C45842}"
	ProjectSection(SolutionItems) = preProject
		app-configmap.yaml = app-configmap.yaml
	EndProjectSection
EndProject
Project("{2150E333-8FDC-42A3-9474-1A3956D46DE8}") = "hml", "hml", "{82220665-B051-41ED-B7D9-E1C31E8CDFFD}"
EndProject
Project("{2150E333-8FDC-42A3-9474-1A3956D46DE8}") = "prd", "prd", "{D92A4ED5-6004-4CFD-9311-60B89ABFEE2C}"
EndProject
Project("{FAE04EC0-301F-11D3-BF4B-00C04F79EFBC}") = "UniJG.Application", "UniJG.Application\UniJG.Application.csproj", "{A77E25F1-C7D7-453A-A837-CE8B91FE863B}"
EndProject
Project("{FAE04EC0-301F-11D3-BF4B-00C04F79EFBC}") = "UniJG.Infrastructure.Repositories", "UniJG.Infrastructure.Repositories\UniJG.Infrastructure.Repositories.csproj", "{EA257549-6C75-492A-BFC6-9A53FF422B26}"
EndProject
Project("{FAE04EC0-301F-11D3-BF4B-00C04F79EFBC}") = "UniJG.Domain.Services", "UniJG.Domain.Services\UniJG.Domain.Services.csproj", "{D948F73E-887E-4126-8200-2BD3408F73D1}"
EndProject
Project("{FAE04EC0-301F-11D3-BF4B-00C04F79EFBC}") = "UniJG.Domain.Model", "UniJG.Domain.Model\UniJG.Domain.Model.csproj", "{82916F33-971A-4899-A01F-4A3C84D3D5B3}"
EndProject
Project("{FAE04EC0-301F-11D3-BF4B-00C04F79EFBC}") = "UniJG.Consumer", "UniJG.Consumer\UniJG.Consumer.csproj", "{6147A749-06BE-4771-A2BC-65B67FB7F22A}"
EndProject
Project("{FAE04EC0-301F-11D3-BF4B-00C04F79EFBC}") = "UniJG.Application.Abstractions", "UniJG.Application.Abstractions\UniJG.Application.Abstractions.csproj", "{4E47C5A6-116C-4216-AEF8-D998782FE5AA}"
EndProject
Project("{FAE04EC0-301F-11D3-BF4B-00C04F79EFBC}") = "UniJG.Api.UnitTests", "UniJG.Api.UnitTests\UniJG.Api.UnitTests.csproj", "{C88BD871-4B20-4215-8D9B-BD0465444EC2}"
EndProject
Global
	GlobalSection(SolutionConfigurationPlatforms) = preSolution
		Debug|Any CPU = Debug|Any CPU
		Release|Any CPU = Release|Any CPU
	EndGlobalSection
	GlobalSection(ProjectConfigurationPlatforms) = postSolution
		{80DC373E-9088-4F75-BF9B-9166239078F4}.Debug|Any CPU.ActiveCfg = Debug|Any CPU
		{80DC373E-9088-4F75-BF9B-9166239078F4}.Debug|Any CPU.Build.0 = Debug|Any CPU
		{80DC373E-9088-4F75-BF9B-9166239078F4}.Release|Any CPU.ActiveCfg = Release|Any CPU
		{80DC373E-9088-4F75-BF9B-9166239078F4}.Release|Any CPU.Build.0 = Release|Any CPU
		{A77E25F1-C7D7-453A-A837-CE8B91FE863B}.Debug|Any CPU.ActiveCfg = Debug|Any CPU
		{A77E25F1-C7D7-453A-A837-CE8B91FE863B}.Debug|Any CPU.Build.0 = Debug|Any CPU
		{A77E25F1-C7D7-453A-A837-CE8B91FE863B}.Release|Any CPU.ActiveCfg = Release|Any CPU
		{A77E25F1-C7D7-453A-A837-CE8B91FE863B}.Release|Any CPU.Build.0 = Release|Any CPU
		{EA257549-6C75-492A-BFC6-9A53FF422B26}.Debug|Any CPU.ActiveCfg = Debug|Any CPU
		{EA257549-6C75-492A-BFC6-9A53FF422B26}.Debug|Any CPU.Build.0 = Debug|Any CPU
		{EA257549-6C75-492A-BFC6-9A53FF422B26}.Release|Any CPU.ActiveCfg = Release|Any CPU
		{EA257549-6C75-492A-BFC6-9A53FF422B26}.Release|Any CPU.Build.0 = Release|Any CPU
		{D948F73E-887E-4126-8200-2BD3408F73D1}.Debug|Any CPU.ActiveCfg = Debug|Any CPU
		{D948F73E-887E-4126-8200-2BD3408F73D1}.Debug|Any CPU.Build.0 = Debug|Any CPU
		{D948F73E-887E-4126-8200-2BD3408F73D1}.Release|Any CPU.ActiveCfg = Release|Any CPU
		{D948F73E-887E-4126-8200-2BD3408F73D1}.Release|Any CPU.Build.0 = Release|Any CPU
		{82916F33-971A-4899-A01F-4A3C84D3D5B3}.Debug|Any CPU.ActiveCfg = Debug|Any CPU
		{82916F33-971A-4899-A01F-4A3C84D3D5B3}.Debug|Any CPU.Build.0 = Debug|Any CPU
		{82916F33-971A-4899-A01F-4A3C84D3D5B3}.Release|Any CPU.ActiveCfg = Release|Any CPU
		{82916F33-971A-4899-A01F-4A3C84D3D5B3}.Release|Any CPU.Build.0 = Release|Any CPU
		{6147A749-06BE-4771-A2BC-65B67FB7F22A}.Debug|Any CPU.ActiveCfg = Debug|Any CPU
		{6147A749-06BE-4771-A2BC-65B67FB7F22A}.Debug|Any CPU.Build.0 = Debug|Any CPU
		{6147A749-06BE-4771-A2BC-65B67FB7F22A}.Release|Any CPU.ActiveCfg = Release|Any CPU
		{6147A749-06BE-4771-A2BC-65B67FB7F22A}.Release|Any CPU.Build.0 = Release|Any CPU
		{4E47C5A6-116C-4216-AEF8-D998782FE5AA}.Debug|Any CPU.ActiveCfg = Debug|Any CPU
		{4E47C5A6-116C-4216-AEF8-D998782FE5AA}.Debug|Any CPU.Build.0 = Debug|Any CPU
		{4E47C5A6-116C-4216-AEF8-D998782FE5AA}.Release|Any CPU.ActiveCfg = Release|Any CPU
		{4E47C5A6-116C-4216-AEF8-D998782FE5AA}.Release|Any CPU.Build.0 = Release|Any CPU
		{C88BD871-4B20-4215-8D9B-BD0465444EC2}.Debug|Any CPU.ActiveCfg = Debug|Any CPU
		{C88BD871-4B20-4215-8D9B-BD0465444EC2}.Debug|Any CPU.Build.0 = Debug|Any CPU
		{C88BD871-4B20-4215-8D9B-BD0465444EC2}.Release|Any CPU.ActiveCfg = Release|Any CPU
		{C88BD871-4B20-4215-8D9B-BD0465444EC2}.Release|Any CPU.Build.0 = Release|Any CPU
	EndGlobalSection
	GlobalSection(SolutionProperties) = preSolution
		HideSolutionNode = FALSE
	EndGlobalSection
	GlobalSection(NestedProjects) = preSolution
		{80DC373E-9088-4F75-BF9B-9166239078F4} = {847316DE-5150-46D2-BF18-B9240591FA03}
		{8B4ADC27-D7A5-42F3-BC92-C8E133C45842} = {02EA681E-C7D8-13C7-8484-4AC65E1B71E8}
		{82220665-B051-41ED-B7D9-E1C31E8CDFFD} = {02EA681E-C7D8-13C7-8484-4AC65E1B71E8}
		{D92A4ED5-6004-4CFD-9311-60B89ABFEE2C} = {02EA681E-C7D8-13C7-8484-4AC65E1B71E8}
		{A77E25F1-C7D7-453A-A837-CE8B91FE863B} = {847316DE-5150-46D2-BF18-B9240591FA03}
		{EA257549-6C75-492A-BFC6-9A53FF422B26} = {847316DE-5150-46D2-BF18-B9240591FA03}
		{D948F73E-887E-4126-8200-2BD3408F73D1} = {847316DE-5150-46D2-BF18-B9240591FA03}
		{82916F33-971A-4899-A01F-4A3C84D3D5B3} = {847316DE-5150-46D2-BF18-B9240591FA03}
		{6147A749-06BE-4771-A2BC-65B67FB7F22A} = {847316DE-5150-46D2-BF18-B9240591FA03}
		{4E47C5A6-116C-4216-AEF8-D998782FE5AA} = {847316DE-5150-46D2-BF18-B9240591FA03}
		{C88BD871-4B20-4215-8D9B-BD0465444EC2} = {CFDD9876-5EA2-4FB1-BAC6-7777438996AA}
	EndGlobalSection
	GlobalSection(ExtensibilityGlobals) = postSolution
		SolutionGuid = {7C512B16-0363-4CD6-8B0F-CC1F85F33D05}
	EndGlobalSection
EndGlobal
